<?xml version="1.0" encoding="utf-8"?>
<Project ToolsVersion="4.0" xmlns="http://schemas.microsoft.com/developer/msbuild/2003">
  <ItemGroup>
    <Filter Include="소스 파일">
      <UniqueIdentifier>{4FC737F1-C7A5-4376-A066-2A32D752A2FF}</UniqueIdentifier>
      <Extensions>cpp;c;cc;cxx;def;odl;idl;hpj;bat;asm;asmx</Extensions>
    </Filter>
    <Filter Include="헤더 파일">
      <UniqueIdentifier>{93995380-89BD-4b04-88EB-625FBE52EBFB}</UniqueIdentifier>
      <Extensions>h;hh;hpp;hxx;hm;inl;inc;ipp;xsd</Extensions>
    </Filter>
    <Filter Include="리소스 파일">
      <UniqueIdentifier>{67DA6AB6-F800-4c08-8B7A-83BB121AAD01}</UniqueIdentifier>
      <Extensions>rc;ico;cur;bmp;dlg;rc2;rct;bin;rgs;gif;jpg;jpeg;jpe;resx;tiff;tif;png;wav;mfcribbon-ms</Extensions>
    </Filter>
  </ItemGroup>
  <ItemGroup>
    <ClCompile Include="1002.cpp">
      <Filter>소스 파일</Filter>
    </ClCompile>
    <ClCompile Include="11365.cpp">
      <Filter>소스 파일</Filter>
    </ClCompile>
    <ClCompile Include="1085.cpp">
      <Filter>소스 파일</Filter>
    </ClCompile>
    <ClCompile Include="15552.cpp">
      <Filter>소스 파일</Filter>
    </ClCompile>
    <ClCompile Include="2839.cpp">
      <Filter>소스 파일</Filter>
    </ClCompile>
    <ClCompile Include="2164.cpp">
      <Filter>소스 파일</Filter>
    </ClCompile>
    <ClCompile Include="11650.cpp">
      <Filter>소스 파일</Filter>
    </ClCompile>
    <ClCompile Include="2292.cpp">
      <Filter>소스 파일</Filter>
    </ClCompile>
    <ClCompile Include="1874.cpp">
      <Filter>소스 파일</Filter>
    </ClCompile>
    <ClCompile Include="10773.cpp">
      <Filter>소스 파일</Filter>
    </ClCompile>
    <ClCompile Include="10989.cpp">
      <Filter>소스 파일</Filter>
    </ClCompile>
    <ClCompile Include="10826.cpp">
      <Filter>소스 파일</Filter>
    </ClCompile>
    <ClCompile Include="10757.cpp">
      <Filter>소스 파일</Filter>
    </ClCompile>
    <ClCompile Include="10818.cpp">
      <Filter>소스 파일</Filter>
    </ClCompile>
    <ClCompile Include="2667.cpp">
      <Filter>소스 파일</Filter>
    </ClCompile>
    <ClCompile Include="1654.cpp">
      <Filter>소스 파일</Filter>
    </ClCompile>
    <ClCompile Include="1654(2).cpp">
      <Filter>소스 파일</Filter>
    </ClCompile>
    <ClCompile Include="10995.cpp">
      <Filter>소스 파일</Filter>
    </ClCompile>
    <ClCompile Include="15947.cpp">
      <Filter>소스 파일</Filter>
    </ClCompile>
    <ClCompile Include="16433.cpp">
      <Filter>소스 파일</Filter>
    </ClCompile>
    <ClCompile Include="16212.cpp">
      <Filter>소스 파일</Filter>
    </ClCompile>
    <ClCompile Include="linked list.cpp">
      <Filter>소스 파일</Filter>
    </ClCompile>
    <ClCompile Include="linkedlist2.cpp">
      <Filter>소스 파일</Filter>
    </ClCompile>
    <ClCompile Include="kmp.cpp">
      <Filter>소스 파일</Filter>
    </ClCompile>
    <ClCompile Include="1305.cpp">
      <Filter>소스 파일</Filter>
    </ClCompile>
    <ClCompile Include="4354%28미%29.cpp">
      <Filter>소스 파일</Filter>
    </ClCompile>
    <ClCompile Include="10266%28미%29.cpp">
      <Filter>소스 파일</Filter>
    </ClCompile>
    <ClCompile Include="2493.cpp">
      <Filter>소스 파일</Filter>
    </ClCompile>
    <ClCompile Include="2493(2).cpp">
      <Filter>소스 파일</Filter>
    </ClCompile>
    <ClCompile Include="1427.cpp">
      <Filter>소스 파일</Filter>
    </ClCompile>
    <ClCompile Include="14501.cpp">
      <Filter>소스 파일</Filter>
    </ClCompile>
    <ClCompile Include="2667(2).cpp">
      <Filter>소스 파일</Filter>
    </ClCompile>
    <ClCompile Include="1260.cpp">
      <Filter>소스 파일</Filter>
    </ClCompile>
    <ClCompile Include="2178.cpp">
      <Filter>소스 파일</Filter>
    </ClCompile>
    <ClCompile Include="1181.cpp">
      <Filter>소스 파일</Filter>
    </ClCompile>
    <ClCompile Include="7576%28개시%29.cpp">
      <Filter>소스 파일</Filter>
    </ClCompile>
    <ClCompile Include="6549%28미%29.cpp">
      <Filter>소스 파일</Filter>
    </ClCompile>
    <ClCompile Include="9095.cpp">
      <Filter>소스 파일</Filter>
    </ClCompile>
    <ClCompile Include="2579.cpp">
      <Filter>소스 파일</Filter>
    </ClCompile>
    <ClCompile Include="6603.cpp">
      <Filter>소스 파일</Filter>
    </ClCompile>
    <ClCompile Include="1966.cpp">
      <Filter>소스 파일</Filter>
    </ClCompile>
    <ClCompile Include="11399.cpp">
      <Filter>소스 파일</Filter>
    </ClCompile>
    <ClCompile Include="11047.cpp">
      <Filter>소스 파일</Filter>
    </ClCompile>
    <ClCompile Include="1931.cpp">
      <Filter>소스 파일</Filter>
    </ClCompile>
    <ClCompile Include="2217.cpp">
      <Filter>소스 파일</Filter>
    </ClCompile>
    <ClCompile Include="10610.cpp">
      <Filter>소스 파일</Filter>
    </ClCompile>
    <ClCompile Include="2875.cpp">
      <Filter>소스 파일</Filter>
    </ClCompile>
    <ClCompile Include="스택 구현.cpp">
      <Filter>소스 파일</Filter>
    </ClCompile>
    <ClCompile Include="11724.cpp">
      <Filter>소스 파일</Filter>
    </ClCompile>
    <ClCompile Include="14502.cpp">
      <Filter>소스 파일</Filter>
    </ClCompile>
    <ClCompile Include="큐 구현.cpp">
      <Filter>소스 파일</Filter>
    </ClCompile>
    <ClCompile Include="벡터구현.cpp">
      <Filter>소스 파일</Filter>
    </ClCompile>
    <ClCompile Include="13334.cpp">
      <Filter>소스 파일</Filter>
    </ClCompile>
    <ClCompile Include="1541.cpp">
      <Filter>소스 파일</Filter>
    </ClCompile>
    <ClCompile Include="7568.cpp">
      <Filter>소스 파일</Filter>
    </ClCompile>
    <ClCompile Include="7568(2).cpp">
      <Filter>소스 파일</Filter>
    </ClCompile>
    <ClCompile Include="14888.cpp">
      <Filter>소스 파일</Filter>
    </ClCompile>
    <ClCompile Include="1120.cpp">
      <Filter>소스 파일</Filter>
    </ClCompile>
    <ClCompile Include="1946.cpp">
      <Filter>소스 파일</Filter>
    </ClCompile>
    <ClCompile Include="1946(2).cpp">
      <Filter>소스 파일</Filter>
    </ClCompile>
    <ClCompile Include="1049.cpp">
      <Filter>소스 파일</Filter>
    </ClCompile>
    <ClCompile Include="14889.cpp">
      <Filter>소스 파일</Filter>
    </ClCompile>
    <ClCompile Include="완전탐색%28순열%29.cpp">
      <Filter>소스 파일</Filter>
    </ClCompile>
    <ClCompile Include="2352.cpp">
      <Filter>소스 파일</Filter>
    </ClCompile>
    <ClCompile Include="순열 연습.cpp">
      <Filter>소스 파일</Filter>
    </ClCompile>
    <ClCompile Include="1138.cpp">
      <Filter>소스 파일</Filter>
    </ClCompile>
    <ClCompile Include="1316.cpp">
      <Filter>소스 파일</Filter>
    </ClCompile>
    <ClCompile Include="swea수영장기출.cpp">
      <Filter>소스 파일</Filter>
    </ClCompile>
    <ClCompile Include="14503%28미%29.cpp">
      <Filter>소스 파일</Filter>
    </ClCompile>
    <ClCompile Include="10814.cpp">
      <Filter>소스 파일</Filter>
    </ClCompile>
    <ClCompile Include="2583.cpp">
      <Filter>소스 파일</Filter>
    </ClCompile>
    <ClCompile Include="1100.cpp">
      <Filter>소스 파일</Filter>
    </ClCompile>
    <ClCompile Include="3986.cpp">
      <Filter>소스 파일</Filter>
    </ClCompile>
    <ClCompile Include="1932.cpp">
      <Filter>소스 파일</Filter>
    </ClCompile>
    <ClCompile Include="2468.cpp">
      <Filter>소스 파일</Filter>
    </ClCompile>
    <ClCompile Include="6498.cpp">
      <Filter>소스 파일</Filter>
    </ClCompile>
    <ClCompile Include="1748.cpp">
      <Filter>소스 파일</Filter>
    </ClCompile>
    <ClCompile Include="1969.cpp">
      <Filter>소스 파일</Filter>
    </ClCompile>
    <ClCompile Include="1764.cpp">
      <Filter>소스 파일</Filter>
    </ClCompile>
    <ClCompile Include="Insertion sort.cpp">
      <Filter>소스 파일</Filter>
    </ClCompile>
    <ClCompile Include="quik_sort.cpp">
      <Filter>소스 파일</Filter>
    </ClCompile>
    <ClCompile Include="merge_sort.cpp">
      <Filter>소스 파일</Filter>
    </ClCompile>
    <ClCompile Include="15686%28미%29.cpp">
      <Filter>소스 파일</Filter>
    </ClCompile>
    <ClCompile Include="4963.cpp">
      <Filter>소스 파일</Filter>
    </ClCompile>
    <ClCompile Include="+,x.cpp">
      <Filter>소스 파일</Filter>
    </ClCompile>
    <ClCompile Include="모험가 길드.cpp">
      <Filter>소스 파일</Filter>
    </ClCompile>
    <ClCompile Include="상하좌우.cpp">
      <Filter>소스 파일</Filter>
    </ClCompile>
    <ClCompile Include="왕실의나이트.cpp">
      <Filter>소스 파일</Filter>
    </ClCompile>
    <ClCompile Include="시각.cpp">
      <Filter>소스 파일</Filter>
    </ClCompile>
    <ClCompile Include="게임 개발.cpp">
      <Filter>소스 파일</Filter>
    </ClCompile>
    <ClCompile Include="미로탈출.cpp">
      <Filter>소스 파일</Filter>
    </ClCompile>
    <ClCompile Include="유클리드호제법(최대공약수).cpp">
      <Filter>소스 파일</Filter>
    </ClCompile>
    <ClCompile Include="음료수 얼려먹기.cpp">
      <Filter>소스 파일</Filter>
    </ClCompile>
    <ClCompile Include="위에서 아래로.cpp">
      <Filter>소스 파일</Filter>
    </ClCompile>
    <ClCompile Include="성적이 낮은 순서로 학생 출력하기.cpp">
      <Filter>소스 파일</Filter>
    </ClCompile>
    <ClCompile Include="두 배열의 원소교체.cpp">
      <Filter>소스 파일</Filter>
    </ClCompile>
    <ClCompile Include="떡볶이 떡 만들기.cpp">
      <Filter>소스 파일</Filter>
    </ClCompile>
    <ClCompile Include="정렬된 배열에서 특정 수의 개수 구하기.cpp">
      <Filter>소스 파일</Filter>
    </ClCompile>
    <ClCompile Include="1로 만들기.cpp">
      <Filter>소스 파일</Filter>
    </ClCompile>
    <ClCompile Include="개미전사.cpp">
      <Filter>소스 파일</Filter>
    </ClCompile>
    <ClCompile Include="바닥공사.cpp">
      <Filter>소스 파일</Filter>
    </ClCompile>
    <ClCompile Include="효율적인 화폐구성.cpp">
      <Filter>소스 파일</Filter>
    </ClCompile>
    <ClCompile Include="다익스트라 구현.cpp">
      <Filter>소스 파일</Filter>
    </ClCompile>
    <ClCompile Include="미래도시%28bfs%29.cpp">
      <Filter>소스 파일</Filter>
    </ClCompile>
    <ClCompile Include="미래도시(플로이드).cpp">
      <Filter>소스 파일</Filter>
    </ClCompile>
    <ClCompile Include="17281.cpp">
      <Filter>소스 파일</Filter>
    </ClCompile>
    <ClCompile Include="17070.cpp">
      <Filter>소스 파일</Filter>
    </ClCompile>
    <ClCompile Include="모험가 길드(2).cpp">
      <Filter>소스 파일</Filter>
    </ClCompile>
    <ClCompile Include="1439.cpp">
      <Filter>소스 파일</Filter>
    </ClCompile>
    <ClCompile Include="18406.cpp">
      <Filter>소스 파일</Filter>
    </ClCompile>
    <ClCompile Include="3190.cpp">
      <Filter>소스 파일</Filter>
    </ClCompile>
    <ClCompile Include="15686.cpp">
      <Filter>소스 파일</Filter>
    </ClCompile>
    <ClCompile Include="18352.cpp">
      <Filter>소스 파일</Filter>
    </ClCompile>
    <ClCompile Include="17406.cpp">
      <Filter>소스 파일</Filter>
    </ClCompile>
    <ClCompile Include="16637.cpp">
      <Filter>소스 파일</Filter>
    </ClCompile>
    <ClCompile Include="17471.cpp">
      <Filter>소스 파일</Filter>
    </ClCompile>
    <ClCompile Include="17136%28미%29.cpp">
      <Filter>소스 파일</Filter>
    </ClCompile>
    <ClCompile Include="20057.cpp">
      <Filter>소스 파일</Filter>
    </ClCompile>
    <ClCompile Include="14890.cpp">
      <Filter>소스 파일</Filter>
    </ClCompile>
    <ClCompile Include="17135.cpp">
      <Filter>소스 파일</Filter>
    </ClCompile>
    <ClCompile Include="17472%28미%29.cpp">
      <Filter>소스 파일</Filter>
    </ClCompile>
    <ClCompile Include="10815.cpp">
      <Filter>소스 파일</Filter>
    </ClCompile>
    <ClCompile Include="18405.cpp">
      <Filter>소스 파일</Filter>
    </ClCompile>
    <ClCompile Include="16234.cpp">
      <Filter>소스 파일</Filter>
    </ClCompile>
    <ClCompile Include="10825.cpp">
      <Filter>소스 파일</Filter>
    </ClCompile>
    <ClCompile Include="18310.cpp">
      <Filter>소스 파일</Filter>
    </ClCompile>
    <ClCompile Include="1715.cpp">
      <Filter>소스 파일</Filter>
    </ClCompile>
    <ClCompile Include="11404.cpp">
      <Filter>소스 파일</Filter>
    </ClCompile>
    <ClCompile Include="2887.cpp">
      <Filter>소스 파일</Filter>
    </ClCompile>
    <ClCompile Include="16236.cpp">
      <Filter>소스 파일</Filter>
    </ClCompile>
    <ClCompile Include="study1-1.cpp">
      <Filter>소스 파일</Filter>
    </ClCompile>
    <ClCompile Include="study1-2.cpp">
      <Filter>소스 파일</Filter>
    </ClCompile>
    <ClCompile Include="study1-3.cpp">
      <Filter>소스 파일</Filter>
    </ClCompile>
    <ClCompile Include="study1-4.cpp">
      <Filter>소스 파일</Filter>
    </ClCompile>
    <ClCompile Include="study1-5.cpp">
      <Filter>소스 파일</Filter>
    </ClCompile>
    <ClCompile Include="study1-6.cpp">
      <Filter>소스 파일</Filter>
    </ClCompile>
    <ClCompile Include="study1-7.cpp">
      <Filter>소스 파일</Filter>
    </ClCompile>
    <ClCompile Include="study1-8.cpp">
      <Filter>소스 파일</Filter>
    </ClCompile>
    <ClCompile Include="study1-9.cpp">
      <Filter>소스 파일</Filter>
    </ClCompile>
    <ClCompile Include="1402.cpp">
      <Filter>소스 파일</Filter>
    </ClCompile>
    <ClCompile Include="3053.cpp">
      <Filter>소스 파일</Filter>
    </ClCompile>
    <ClCompile Include="1251.cpp">
      <Filter>소스 파일</Filter>
    </ClCompile>
    <ClCompile Include="15829.cpp">
      <Filter>소스 파일</Filter>
    </ClCompile>
    <ClCompile Include="2628.cpp">
      <Filter>소스 파일</Filter>
    </ClCompile>
    <ClCompile Include="2002.cpp">
      <Filter>소스 파일</Filter>
    </ClCompile>
    <ClCompile Include="12865.cpp">
      <Filter>소스 파일</Filter>
    </ClCompile>
    <ClCompile Include="7453%28미%29.cpp">
      <Filter>소스 파일</Filter>
    </ClCompile>
    <ClCompile Include="1655.cpp">
      <Filter>소스 파일</Filter>
    </ClCompile>
    <ClCompile Include="9550.cpp">
      <Filter>소스 파일</Filter>
    </ClCompile>
    <ClCompile Include="6064.cpp">
      <Filter>소스 파일</Filter>
    </ClCompile>
    <ClCompile Include="6064(2).cpp">
      <Filter>소스 파일</Filter>
    </ClCompile>
    <ClCompile Include="3197.cpp">
      <Filter>소스 파일</Filter>
    </ClCompile>
    <ClCompile Include="18238.cpp">
      <Filter>소스 파일</Filter>
    </ClCompile>
    <ClCompile Include="14659.cpp">
      <Filter>소스 파일</Filter>
    </ClCompile>
    <ClCompile Include="2847.cpp">
      <Filter>소스 파일</Filter>
    </ClCompile>
    <ClCompile Include="1758.cpp">
      <Filter>소스 파일</Filter>
    </ClCompile>
    <ClCompile Include="9009.cpp">
      <Filter>소스 파일</Filter>
    </ClCompile>
    <ClCompile Include="2812.cpp">
      <Filter>소스 파일</Filter>
    </ClCompile>
    <ClCompile Include="11034.cpp">
      <Filter>소스 파일</Filter>
    </ClCompile>
    <ClCompile Include="2810.cpp">
      <Filter>소스 파일</Filter>
    </ClCompile>
    <ClCompile Include="15904.cpp">
      <Filter>소스 파일</Filter>
    </ClCompile>
    <ClCompile Include="17262.cpp">
      <Filter>소스 파일</Filter>
    </ClCompile>
    <ClCompile Include="13305.cpp">
      <Filter>소스 파일</Filter>
    </ClCompile>
    <ClCompile Include="14754.cpp">
      <Filter>소스 파일</Filter>
    </ClCompile>
    <ClCompile Include="11497.cpp">
      <Filter>소스 파일</Filter>
    </ClCompile>
    <ClCompile Include="7570.cpp">
      <Filter>소스 파일</Filter>
    </ClCompile>
    <ClCompile Include="8980.cpp">
      <Filter>소스 파일</Filter>
    </ClCompile>
    <ClCompile Include="2609.cpp">
      <Filter>소스 파일</Filter>
    </ClCompile>
    <ClCompile Include="1934.cpp">
      <Filter>소스 파일</Filter>
    </ClCompile>
    <ClCompile Include="9613.cpp">
      <Filter>소스 파일</Filter>
    </ClCompile>
    <ClCompile Include="6588.cpp">
      <Filter>소스 파일</Filter>
    </ClCompile>
    <ClCompile Include="14500.cpp">
      <Filter>소스 파일</Filter>
    </ClCompile>
    <ClCompile Include="1920.cpp">
      <Filter>소스 파일</Filter>
    </ClCompile>
    <ClCompile Include="삼성sw아카데미 모의테스트1.cpp">
      <Filter>소스 파일</Filter>
    </ClCompile>
    <ClCompile Include="15649.cpp">
      <Filter>소스 파일</Filter>
    </ClCompile>
    <ClCompile Include="2840.cpp">
      <Filter>소스 파일</Filter>
    </ClCompile>
    <ClCompile Include="14891.cpp">
      <Filter>소스 파일</Filter>
    </ClCompile>
    <ClCompile Include="1018.cpp">
      <Filter>소스 파일</Filter>
    </ClCompile>
    <ClCompile Include="14503.cpp">
      <Filter>소스 파일</Filter>
    </ClCompile>
    <ClCompile Include="15683.cpp">
      <Filter>소스 파일</Filter>
    </ClCompile>
    <ClCompile Include="14449.cpp">
      <Filter>소스 파일</Filter>
    </ClCompile>
    <ClCompile Include="17144.cpp">
      <Filter>소스 파일</Filter>
    </ClCompile>
    <ClCompile Include="15685.cpp">
      <Filter>소스 파일</Filter>
    </ClCompile>
    <ClCompile Include="15684.cpp">
      <Filter>소스 파일</Filter>
    </ClCompile>
    <ClCompile Include="17140.cpp">
      <Filter>소스 파일</Filter>
    </ClCompile>
    <ClCompile Include="2606.cpp">
      <Filter>소스 파일</Filter>
    </ClCompile>
    <ClCompile Include="10026.cpp">
      <Filter>소스 파일</Filter>
    </ClCompile>
    <ClCompile Include="1987.cpp">
      <Filter>소스 파일</Filter>
    </ClCompile>
    <ClCompile Include="11726.cpp">
      <Filter>소스 파일</Filter>
    </ClCompile>
    <ClCompile Include="11727.cpp">
      <Filter>소스 파일</Filter>
    </ClCompile>
    <ClCompile Include="11048.cpp">
      <Filter>소스 파일</Filter>
    </ClCompile>
    <ClCompile Include="1107.cpp">
      <Filter>소스 파일</Filter>
    </ClCompile>
    <ClCompile Include="1463.cpp">
      <Filter>소스 파일</Filter>
    </ClCompile>
    <ClCompile Include="6593.cpp">
      <Filter>소스 파일</Filter>
    </ClCompile>
    <ClCompile Include="13458.cpp">
      <Filter>소스 파일</Filter>
    </ClCompile>
  </ItemGroup>
</Project>